
Microsoft Visual Studio Solution File, Format Version 12.00
# Visual Studio Version 17
VisualStudioVersion = 17.1.32319.34
MinimumVisualStudioVersion = 10.0.40219.1
Project("{FAE04EC0-301F-11D3-BF4B-00C04F79EFBC}") = "ce205-hw4-algorithms-gui", "ce205-hw4-algorithms-gui\ce205-hw4-algorithms-gui.csproj", "{0776D82B-DF97-4922-841F-D60DFE91FF07}"
EndProject
Project("{FAE04EC0-301F-11D3-BF4B-00C04F79EFBC}") = "ce205-hw4-algorithms-test", "ce205-hw4-algorithms-test\ce205-hw4-algorithms-test.csproj", "{18243421-1CE7-4C76-BFD3-574FF77A3103}"
EndProject
Project("{FAE04EC0-301F-11D3-BF4B-00C04F79EFBC}") = "ce205-hw4-algorithms-cs", "ce205-hw4-algorithms-cs\ce205-hw4-algorithms-cs.csproj", "{EB692E38-43CD-4513-A5FA-CE83DF1D2358}"
EndProject
Global
	GlobalSection(SolutionConfigurationPlatforms) = preSolution
		Debug|Any CPU = Debug|Any CPU
		Release|Any CPU = Release|Any CPU
	EndGlobalSection
	GlobalSection(ProjectConfigurationPlatforms) = postSolution
		{0776D82B-DF97-4922-841F-D60DFE91FF07}.Debug|Any CPU.ActiveCfg = Debug|Any CPU
		{0776D82B-DF97-4922-841F-D60DFE91FF07}.Debug|Any CPU.Build.0 = Debug|Any CPU
		{0776D82B-DF97-4922-841F-D60DFE91FF07}.Release|Any CPU.ActiveCfg = Release|Any CPU
		{0776D82B-DF97-4922-841F-D60DFE91FF07}.Release|Any CPU.Build.0 = Release|Any CPU
		{18243421-1CE7-4C76-BFD3-574FF77A3103}.Debug|Any CPU.ActiveCfg = Debug|Any CPU
		{18243421-1CE7-4C76-BFD3-574FF77A3103}.Debug|Any CPU.Build.0 = Debug|Any CPU
		{18243421-1CE7-4C76-BFD3-574FF77A3103}.Release|Any CPU.ActiveCfg = Release|Any CPU
		{18243421-1CE7-4C76-BFD3-574FF77A3103}.Release|Any CPU.Build.0 = Release|Any CPU
		{EB692E38-43CD-4513-A5FA-CE83DF1D2358}.Debug|Any CPU.ActiveCfg = Debug|Any CPU
		{EB692E38-43CD-4513-A5FA-CE83DF1D2358}.Debug|Any CPU.Build.0 = Debug|Any CPU
		{EB692E38-43CD-4513-A5FA-CE83DF1D2358}.Release|Any CPU.ActiveCfg = Release|Any CPU
		{EB692E38-43CD-4513-A5FA-CE83DF1D2358}.Release|Any CPU.Build.0 = Release|Any CPU
	EndGlobalSection
	GlobalSection(SolutionProperties) = preSolution
		HideSolutionNode = FALSE
	EndGlobalSection
	GlobalSection(ExtensibilityGlobals) = postSolution
		SolutionGuid = {17BA8108-09A4-4A37-91E8-D10F10E6BCA4}
	EndGlobalSection
EndGlobal
